
Microsoft Visual Studio Solution File, Format Version 12.00
# Visual Studio 2013
VisualStudioVersion = 12.0.21005.1
MinimumVisualStudioVersion = 10.0.40219.1
Project("{2150E333-8FDC-42A3-9474-1A3956D46DE8}") = "3-Presentations", "3-Presentations", "{BBC1689A-A504-4AAE-A9AE-67BDC1296FC4}"
EndProject
Project("{2150E333-8FDC-42A3-9474-1A3956D46DE8}") = "1-Libraries", "1-Libraries", "{462BE229-8452-4EE0-ABA2-B2045A03B867}"
EndProject
Project("{FAE04EC0-301F-11D3-BF4B-00C04F79EFBC}") = "Peace.Core", "Peace.Core\Peace.Core.csproj", "{FBCA57D6-BA1A-4881-89F9-138889BDB876}"
EndProject
Project("{FAE04EC0-301F-11D3-BF4B-00C04F79EFBC}") = "Peace.Data", "Peace.Data\Peace.Data.csproj", "{C58DA58A-917A-454D-AAC3-24B6D84512FE}"
EndProject
Project("{FAE04EC0-301F-11D3-BF4B-00C04F79EFBC}") = "Peace.Model", "Peace.Model\Peace.Model.csproj", "{416726D6-9B20-462A-86C9-C3F9157CB7F9}"
EndProject
Project("{FAE04EC0-301F-11D3-BF4B-00C04F79EFBC}") = "Peace.Service", "Peace.Service\Peace.Service.csproj", "{91B7CB45-D8A5-4683-8073-3F1091C505FF}"
EndProject
Project("{FAE04EC0-301F-11D3-BF4B-00C04F79EFBC}") = "Peace.Web", "Peace.Web\Peace.Web.csproj", "{FDC9E7BD-CD6F-4485-B2EC-56FFDC736D18}"
EndProject
Project("{FAE04EC0-301F-11D3-BF4B-00C04F79EFBC}") = "Peace.Web.Framework", "Peace.Web.Framework\Peace.Web.Framework.csproj", "{0C408C0E-09C7-43EC-83EF-8A58285A73BF}"
EndProject
Project("{FAE04EC0-301F-11D3-BF4B-00C04F79EFBC}") = "Peace.Admin", "Peace.Web\Administration\Peace.Admin.csproj", "{7BB08B9C-6D1D-4BE0-80E2-AE863E6B8725}"
EndProject
Project("{FAE04EC0-301F-11D3-BF4B-00C04F79EFBC}") = "Peace.Com", "Peace.Com\Peace.Com.csproj", "{388EF91F-6C8C-448E-AF43-9CFC6161D796}"
EndProject
Project("{2150E333-8FDC-42A3-9474-1A3956D46DE8}") = "2-WebComponents", "2-WebComponents", "{C25959D0-82DE-4C73-A728-A897DDBF079F}"
EndProject
Project("{FAE04EC0-301F-11D3-BF4B-00C04F79EFBC}") = "Peace.WebRepeater", "Peace.WebRepeater\Peace.WebRepeater.csproj", "{439F7E47-4400-4F7B-B8BC-F00D700FFDA0}"
EndProject
Global
	GlobalSection(SolutionConfigurationPlatforms) = preSolution
		Debug|Any CPU = Debug|Any CPU
		Release|Any CPU = Release|Any CPU
	EndGlobalSection
	GlobalSection(ProjectConfigurationPlatforms) = postSolution
		{FBCA57D6-BA1A-4881-89F9-138889BDB876}.Debug|Any CPU.ActiveCfg = Debug|Any CPU
		{FBCA57D6-BA1A-4881-89F9-138889BDB876}.Debug|Any CPU.Build.0 = Debug|Any CPU
		{FBCA57D6-BA1A-4881-89F9-138889BDB876}.Release|Any CPU.ActiveCfg = Release|Any CPU
		{FBCA57D6-BA1A-4881-89F9-138889BDB876}.Release|Any CPU.Build.0 = Release|Any CPU
		{C58DA58A-917A-454D-AAC3-24B6D84512FE}.Debug|Any CPU.ActiveCfg = Debug|Any CPU
		{C58DA58A-917A-454D-AAC3-24B6D84512FE}.Debug|Any CPU.Build.0 = Debug|Any CPU
		{C58DA58A-917A-454D-AAC3-24B6D84512FE}.Release|Any CPU.ActiveCfg = Release|Any CPU
		{C58DA58A-917A-454D-AAC3-24B6D84512FE}.Release|Any CPU.Build.0 = Release|Any CPU
		{416726D6-9B20-462A-86C9-C3F9157CB7F9}.Debug|Any CPU.ActiveCfg = Debug|Any CPU
		{416726D6-9B20-462A-86C9-C3F9157CB7F9}.Debug|Any CPU.Build.0 = Debug|Any CPU
		{416726D6-9B20-462A-86C9-C3F9157CB7F9}.Release|Any CPU.ActiveCfg = Release|Any CPU
		{416726D6-9B20-462A-86C9-C3F9157CB7F9}.Release|Any CPU.Build.0 = Release|Any CPU
		{91B7CB45-D8A5-4683-8073-3F1091C505FF}.Debug|Any CPU.ActiveCfg = Debug|Any CPU
		{91B7CB45-D8A5-4683-8073-3F1091C505FF}.Debug|Any CPU.Build.0 = Debug|Any CPU
		{91B7CB45-D8A5-4683-8073-3F1091C505FF}.Release|Any CPU.ActiveCfg = Release|Any CPU
		{91B7CB45-D8A5-4683-8073-3F1091C505FF}.Release|Any CPU.Build.0 = Release|Any CPU
		{FDC9E7BD-CD6F-4485-B2EC-56FFDC736D18}.Debug|Any CPU.ActiveCfg = Debug|Any CPU
		{FDC9E7BD-CD6F-4485-B2EC-56FFDC736D18}.Debug|Any CPU.Build.0 = Debug|Any CPU
		{FDC9E7BD-CD6F-4485-B2EC-56FFDC736D18}.Release|Any CPU.ActiveCfg = Release|Any CPU
		{FDC9E7BD-CD6F-4485-B2EC-56FFDC736D18}.Release|Any CPU.Build.0 = Release|Any CPU
		{0C408C0E-09C7-43EC-83EF-8A58285A73BF}.Debug|Any CPU.ActiveCfg = Debug|Any CPU
		{0C408C0E-09C7-43EC-83EF-8A58285A73BF}.Debug|Any CPU.Build.0 = Debug|Any CPU
		{0C408C0E-09C7-43EC-83EF-8A58285A73BF}.Release|Any CPU.ActiveCfg = Release|Any CPU
		{0C408C0E-09C7-43EC-83EF-8A58285A73BF}.Release|Any CPU.Build.0 = Release|Any CPU
		{7BB08B9C-6D1D-4BE0-80E2-AE863E6B8725}.Debug|Any CPU.ActiveCfg = Debug|Any CPU
		{7BB08B9C-6D1D-4BE0-80E2-AE863E6B8725}.Debug|Any CPU.Build.0 = Debug|Any CPU
		{7BB08B9C-6D1D-4BE0-80E2-AE863E6B8725}.Release|Any CPU.ActiveCfg = Release|Any CPU
		{7BB08B9C-6D1D-4BE0-80E2-AE863E6B8725}.Release|Any CPU.Build.0 = Release|Any CPU
		{388EF91F-6C8C-448E-AF43-9CFC6161D796}.Debug|Any CPU.ActiveCfg = Debug|Any CPU
		{388EF91F-6C8C-448E-AF43-9CFC6161D796}.Debug|Any CPU.Build.0 = Debug|Any CPU
		{388EF91F-6C8C-448E-AF43-9CFC6161D796}.Release|Any CPU.ActiveCfg = Release|Any CPU
		{388EF91F-6C8C-448E-AF43-9CFC6161D796}.Release|Any CPU.Build.0 = Release|Any CPU
		{439F7E47-4400-4F7B-B8BC-F00D700FFDA0}.Debug|Any CPU.ActiveCfg = Debug|Any CPU
		{439F7E47-4400-4F7B-B8BC-F00D700FFDA0}.Debug|Any CPU.Build.0 = Debug|Any CPU
		{439F7E47-4400-4F7B-B8BC-F00D700FFDA0}.Release|Any CPU.ActiveCfg = Release|Any CPU
		{439F7E47-4400-4F7B-B8BC-F00D700FFDA0}.Release|Any CPU.Build.0 = Release|Any CPU
	EndGlobalSection
	GlobalSection(SolutionProperties) = preSolution
		HideSolutionNode = FALSE
	EndGlobalSection
	GlobalSection(NestedProjects) = preSolution
		{FDC9E7BD-CD6F-4485-B2EC-56FFDC736D18} = {BBC1689A-A504-4AAE-A9AE-67BDC1296FC4}
		{0C408C0E-09C7-43EC-83EF-8A58285A73BF} = {BBC1689A-A504-4AAE-A9AE-67BDC1296FC4}
		{7BB08B9C-6D1D-4BE0-80E2-AE863E6B8725} = {BBC1689A-A504-4AAE-A9AE-67BDC1296FC4}
		{FBCA57D6-BA1A-4881-89F9-138889BDB876} = {462BE229-8452-4EE0-ABA2-B2045A03B867}
		{C58DA58A-917A-454D-AAC3-24B6D84512FE} = {462BE229-8452-4EE0-ABA2-B2045A03B867}
		{416726D6-9B20-462A-86C9-C3F9157CB7F9} = {462BE229-8452-4EE0-ABA2-B2045A03B867}
		{91B7CB45-D8A5-4683-8073-3F1091C505FF} = {462BE229-8452-4EE0-ABA2-B2045A03B867}
		{388EF91F-6C8C-448E-AF43-9CFC6161D796} = {462BE229-8452-4EE0-ABA2-B2045A03B867}
		{439F7E47-4400-4F7B-B8BC-F00D700FFDA0} = {C25959D0-82DE-4C73-A728-A897DDBF079F}
	EndGlobalSection
EndGlobal
